
Microsoft Visual Studio Solution File, Format Version 12.00
# Visual Studio Version 17
VisualStudioVersion = 17.3.32819.101
MinimumVisualStudioVersion = 10.0.40219.1
Project("{FAE04EC0-301F-11D3-BF4B-00C04F79EFBC}") = "NTierWPF", "NTierWPF\NTierWPF.csproj", "{9DC18A0B-809C-49ED-851A-C376941ECC11}"
EndProject
Project("{FAE04EC0-301F-11D3-BF4B-00C04F79EFBC}") = "BELayer", "BELayer\BELayer.csproj", "{12FC2C60-B216-47CA-A92E-A893950A198F}"
EndProject
Project("{FAE04EC0-301F-11D3-BF4B-00C04F79EFBC}") = "BALayer", "BALayer\BALayer.csproj", "{CBBB55FC-EFE4-42B4-A5EA-E4CA9138377B}"
EndProject
Project("{FAE04EC0-301F-11D3-BF4B-00C04F79EFBC}") = "DALayer", "DALayer\DALayer.csproj", "{F640E97D-509E-48F2-918D-7B7E8B1007FC}"
EndProject
Project("{FAE04EC0-301F-11D3-BF4B-00C04F79EFBC}") = "NTierWPF.Tests", "NTierWPF.Tests\NTierWPF.Tests.csproj", "{E187FA82-36A4-47A4-BDA4-1B55E8AB3808}"
EndProject
Global
	GlobalSection(SolutionConfigurationPlatforms) = preSolution
		Debug|Any CPU = Debug|Any CPU
		Release|Any CPU = Release|Any CPU
	EndGlobalSection
	GlobalSection(ProjectConfigurationPlatforms) = postSolution
		{9DC18A0B-809C-49ED-851A-C376941ECC11}.Debug|Any CPU.ActiveCfg = Debug|Any CPU
		{9DC18A0B-809C-49ED-851A-C376941ECC11}.Debug|Any CPU.Build.0 = Debug|Any CPU
		{9DC18A0B-809C-49ED-851A-C376941ECC11}.Release|Any CPU.ActiveCfg = Release|Any CPU
		{9DC18A0B-809C-49ED-851A-C376941ECC11}.Release|Any CPU.Build.0 = Release|Any CPU
		{12FC2C60-B216-47CA-A92E-A893950A198F}.Debug|Any CPU.ActiveCfg = Debug|Any CPU
		{12FC2C60-B216-47CA-A92E-A893950A198F}.Debug|Any CPU.Build.0 = Debug|Any CPU
		{12FC2C60-B216-47CA-A92E-A893950A198F}.Release|Any CPU.ActiveCfg = Release|Any CPU
		{12FC2C60-B216-47CA-A92E-A893950A198F}.Release|Any CPU.Build.0 = Release|Any CPU
		{CBBB55FC-EFE4-42B4-A5EA-E4CA9138377B}.Debug|Any CPU.ActiveCfg = Debug|Any CPU
		{CBBB55FC-EFE4-42B4-A5EA-E4CA9138377B}.Debug|Any CPU.Build.0 = Debug|Any CPU
		{CBBB55FC-EFE4-42B4-A5EA-E4CA9138377B}.Release|Any CPU.ActiveCfg = Release|Any CPU
		{CBBB55FC-EFE4-42B4-A5EA-E4CA9138377B}.Release|Any CPU.Build.0 = Release|Any CPU
		{F640E97D-509E-48F2-918D-7B7E8B1007FC}.Debug|Any CPU.ActiveCfg = Debug|Any CPU
		{F640E97D-509E-48F2-918D-7B7E8B1007FC}.Debug|Any CPU.Build.0 = Debug|Any CPU
		{F640E97D-509E-48F2-918D-7B7E8B1007FC}.Release|Any CPU.ActiveCfg = Release|Any CPU
		{F640E97D-509E-48F2-918D-7B7E8B1007FC}.Release|Any CPU.Build.0 = Release|Any CPU
		{E187FA82-36A4-47A4-BDA4-1B55E8AB3808}.Debug|Any CPU.ActiveCfg = Debug|Any CPU
		{E187FA82-36A4-47A4-BDA4-1B55E8AB3808}.Debug|Any CPU.Build.0 = Debug|Any CPU
		{E187FA82-36A4-47A4-BDA4-1B55E8AB3808}.Release|Any CPU.ActiveCfg = Release|Any CPU
		{E187FA82-36A4-47A4-BDA4-1B55E8AB3808}.Release|Any CPU.Build.0 = Release|Any CPU
	EndGlobalSection
	GlobalSection(SolutionProperties) = preSolution
		HideSolutionNode = FALSE
	EndGlobalSection
	GlobalSection(ExtensibilityGlobals) = postSolution
		SolutionGuid = {F10CD28D-0EBF-4581-BC6C-98EE2DDEF4FA}
	EndGlobalSection
EndGlobal
